
Microsoft Visual Studio Solution File, Format Version 12.00
# Visual Studio 15
VisualStudioVersion = 15.0.27703.2042
MinimumVisualStudioVersion = 10.0.40219.1
Project("{8BC9CEB8-8B4A-11D0-8D11-00A0C91BC942}") = "Workshop7", "Workshop7\Workshop7.vcxproj", "{1BA76900-5798-42A1-8A11-C5287CBA28AF}"
EndProject
Global
	GlobalSection(SolutionConfigurationPlatforms) = preSolution
		Debug|x64 = Debug|x64
		Debug|x86 = Debug|x86
		Release|x64 = Release|x64
		Release|x86 = Release|x86
	EndGlobalSection
	GlobalSection(ProjectConfigurationPlatforms) = postSolution
		{1BA76900-5798-42A1-8A11-C5287CBA28AF}.Debug|x64.ActiveCfg = Debug|x64
		{1BA76900-5798-42A1-8A11-C5287CBA28AF}.Debug|x64.Build.0 = Debug|x64
		{1BA76900-5798-42A1-8A11-C5287CBA28AF}.Debug|x86.ActiveCfg = Debug|Win32
		{1BA76900-5798-42A1-8A11-C5287CBA28AF}.Debug|x86.Build.0 = Debug|Win32
		{1BA76900-5798-42A1-8A11-C5287CBA28AF}.Release|x64.ActiveCfg = Release|x64
		{1BA76900-5798-42A1-8A11-C5287CBA28AF}.Release|x64.Build.0 = Release|x64
		{1BA76900-5798-42A1-8A11-C5287CBA28AF}.Release|x86.ActiveCfg = Release|Win32
		{1BA76900-5798-42A1-8A11-C5287CBA28AF}.Release|x86.Build.0 = Release|Win32
	EndGlobalSection
	GlobalSection(SolutionProperties) = preSolution
		HideSolutionNode = FALSE
	EndGlobalSection
	GlobalSection(ExtensibilityGlobals) = postSolution
		SolutionGuid = {389BD7C1-EED1-476C-A478-2E52526EDA76}
	EndGlobalSection
EndGlobal
